
Microsoft Visual Studio Solution File, Format Version 12.00
# Visual Studio 2013
VisualStudioVersion = 12.0.21005.1
MinimumVisualStudioVersion = 10.0.40219.1
Project("{FAE04EC0-301F-11D3-BF4B-00C04F79EFBC}") = "Amigos", "Amigos\Amigos.csproj", "{59491EE0-28AB-42EE-8E07-8F0DA75256DF}"
EndProject
Project("{FAE04EC0-301F-11D3-BF4B-00C04F79EFBC}") = "Resources", "Resources\Resources.csproj", "{605A2EBE-8FD5-4034-B32E-0E50040ED1F9}"
EndProject
Global
	GlobalSection(SolutionConfigurationPlatforms) = preSolution
		Debug|Any CPU = Debug|Any CPU
		Release|Any CPU = Release|Any CPU
	EndGlobalSection
	GlobalSection(ProjectConfigurationPlatforms) = postSolution
		{59491EE0-28AB-42EE-8E07-8F0DA75256DF}.Debug|Any CPU.ActiveCfg = Debug|Any CPU
		{59491EE0-28AB-42EE-8E07-8F0DA75256DF}.Debug|Any CPU.Build.0 = Debug|Any CPU
		{59491EE0-28AB-42EE-8E07-8F0DA75256DF}.Release|Any CPU.ActiveCfg = Release|Any CPU
		{59491EE0-28AB-42EE-8E07-8F0DA75256DF}.Release|Any CPU.Build.0 = Release|Any CPU
		{605A2EBE-8FD5-4034-B32E-0E50040ED1F9}.Debug|Any CPU.ActiveCfg = Debug|Any CPU
		{605A2EBE-8FD5-4034-B32E-0E50040ED1F9}.Debug|Any CPU.Build.0 = Debug|Any CPU
		{605A2EBE-8FD5-4034-B32E-0E50040ED1F9}.Release|Any CPU.ActiveCfg = Release|Any CPU
		{605A2EBE-8FD5-4034-B32E-0E50040ED1F9}.Release|Any CPU.Build.0 = Release|Any CPU
	EndGlobalSection
	GlobalSection(SolutionProperties) = preSolution
		HideSolutionNode = FALSE
	EndGlobalSection
EndGlobal
